// !$*UTF8*$!
{
	archiveVersion = 1;
	classes = {
	};
	objectVersion = 48;
	objects = {

/* Begin PBXBuildFile section */
		21A97D462007DD1D00F7F38D /* AppDelegate.swift in Sources */ = {isa = PBXBuildFile; fileRef = 21A97D452007DD1D00F7F38D /* AppDelegate.swift */; };
		21A97D482007DD1D00F7F38D /* ViewController.swift in Sources */ = {isa = PBXBuildFile; fileRef = 21A97D472007DD1D00F7F38D /* ViewController.swift */; };
		21A97D4B2007DD1D00F7F38D /* Main.storyboard in Resources */ = {isa = PBXBuildFile; fileRef = 21A97D492007DD1D00F7F38D /* Main.storyboard */; };
		21A97D4D2007DD1D00F7F38D /* Assets.xcassets in Resources */ = {isa = PBXBuildFile; fileRef = 21A97D4C2007DD1D00F7F38D /* Assets.xcassets */; };
		21A97D502007DD1D00F7F38D /* LaunchScreen.storyboard in Resources */ = {isa = PBXBuildFile; fileRef = 21A97D4E2007DD1D00F7F38D /* LaunchScreen.storyboard */; };
/* End PBXBuildFile section */

/* Begin PBXFileReference section */
		21A97D422007DD1D00F7F38D /* SmartETicket.app */ = {isa = PBXFileReference; explicitFileType = wrapper.application; includeInIndex = 0; path = SmartETicket.app; sourceTree = BUILT_PRODUCTS_DIR; };
		21A97D452007DD1D00F7F38D /* AppDelegate.swift */ = {isa = PBXFileReference; lastKnownFileType = sourcecode.swift; path = AppDelegate.swift; sourceTree = "<group>"; };
		21A97D472007DD1D00F7F38D /* ViewController.swift */ = {isa = PBXFileReference; lastKnownFileType = sourcecode.swift; path = ViewController.swift; sourceTree = "<group>"; };
		21A97D4A2007DD1D00F7F38D /* Base */ = {isa = PBXFileReference; lastKnownFileType = file.storyboard; name = Base; path = Base.lproj/Main.storyboard; sourceTree = "<group>"; };
		21A97D4C2007DD1D00F7F38D /* Assets.xcassets */ = {isa = PBXFileReference; lastKnownFileType = folder.assetcatalog; path = Assets.xcassets; sourceTree = "<group>"; };
		21A97D4F2007DD1D00F7F38D /* Base */ = {isa = PBXFileReference; lastKnownFileType = file.storyboard; name = Base; path = Base.lproj/LaunchScreen.storyboard; sourceTree = "<group>"; };
		21A97D512007DD1D00F7F38D /* Info.plist */ = {isa = PBXFileReference; lastKnownFileType = text.plist.xml; path = Info.plist; sourceTree = "<group>"; };
/* End PBXFileReference section */

/* Begin PBXFrameworksBuildPhase section */
		21A97D3F2007DD1D00F7F38D /* Frameworks */ = {
			isa = PBXFrameworksBuildPhase;
			buildActionMask = 2147483647;
			files = (
			);
			runOnlyForDeploymentPostprocessing = 0;
		};
/* End PBXFrameworksBuildPhase section */

/* Begin PBXGroup section */
		21A97D392007DD1D00F7F38D = {
			isa = PBXGroup;
			children = (
				21A97D442007DD1D00F7F38D /* SmartETicket */,
				21A97D432007DD1D00F7F38D /* Products */,
			);
			sourceTree = "<group>";
		};
		21A97D432007DD1D00F7F38D /* Products */ = {
			isa = PBXGroup;
			children = (
				21A97D422007DD1D00F7F38D /* SmartETicket.app */,
			);
			name = Products;
			sourceTree = "<group>";
		};
		21A97D442007DD1D00F7F38D /* SmartETicket */ = {
			isa = PBXGroup;
			children = (
				21A97D452007DD1D00F7F38D /* AppDelegate.swift */,
				21A97D472007DD1D00F7F38D /* ViewController.swift */,
				21A97D492007DD1D00F7F38D /* Main.storyboard */,
				21A97D4C2007DD1D00F7F38D /* Assets.xcassets */,
				21A97D4E2007DD1D00F7F38D /* LaunchScreen.storyboard */,
				21A97D512007DD1D00F7F38D /* Info.plist */,
			);
			path = SmartETicket;
			sourceTree = "<group>";
		};
/* End PBXGroup section */

/* Begin PBXNativeTarget section */
		21A97D412007DD1D00F7F38D /* SmartETicket */ = {
			isa = PBXNativeTarget;
			buildConfigurationList = 21A97D542007DD1D00F7F38D /* Build configuration list for PBXNativeTarget "SmartETicket" */;
			buildPhases = (
				21A97D3E2007DD1D00F7F38D /* Sources */,
				21A97D3F2007DD1D00F7F38D /* Frameworks */,
				21A97D402007DD1D00F7F38D /* Resources */,
			);
			buildRules = (
			);
			dependencies = (
			);
			name = SmartETicket;
			productName = SmartETicket;
			productReference = 21A97D422007DD1D00F7F38D /* SmartETicket.app */;
			productType = "com.apple.product-type.application";
		};
/* End PBXNativeTarget section */

/* Begin PBXProject section */
		21A97D3A2007DD1D00F7F38D /* Project object */ = {
			isa = PBXProject;
			attributes = {
				LastSwiftUpdateCheck = 0920;
				LastUpgradeCheck = 0920;
				ORGANIZATIONNAME = "Ramprasad A";
				TargetAttributes = {
					21A97D412007DD1D00F7F38D = {
						CreatedOnToolsVersion = 9.2;
						ProvisioningStyle = Automatic;
					};
				};
			};
			buildConfigurationList = 21A97D3D2007DD1D00F7F38D /* Build configuration list for PBXProject "SmartETicket" */;
			compatibilityVersion = "Xcode 8.0";
			developmentRegion = en;
			hasScannedForEncodings = 0;
			knownRegions = (
				en,
				Base,
			);
			mainGroup = 21A97D392007DD1D00F7F38D;
			productRefGroup = 21A97D432007DD1D00F7F38D /* Products */;
			projectDirPath = "";
			projectRoot = "";
			targets = (
				21A97D412007DD1D00F7F38D /* SmartETicket */,
			);
		};
/* End PBXProject section */

/* Begin PBXResourcesBuildPhase section */
		21A97D402007DD1D00F7F38D /* Resources */ = {
			isa = PBXResourcesBuildPhase;
			buildActionMask = 2147483647;
			files = (
				21A97D502007DD1D00F7F38D /* LaunchScreen.storyboard in Resources */,
				21A97D4D2007DD1D00F7F38D /* Assets.xcassets in Resources */,
				21A97D4B2007DD1D00F7F38D /* Main.storyboard in Resources */,
			);
			runOnlyForDeploymentPostprocessing = 0;
		};
/* End PBXResourcesBuildPhase section */

/* Begin PBXSourcesBuildPhase section */
		21A97D3E2007DD1D00F7F38D /* Sources */ = {
			isa = PBXSourcesBuildPhase;
			buildActionMask = 2147483647;
			files = (
				21A97D482007DD1D00F7F38D /* ViewController.swift in Sources */,
				21A97D462007DD1D00F7F38D /* AppDelegate.swift in Sources */,
			);
			runOnlyForDeploymentPostprocessing = 0;
		};
/* End PBXSourcesBuildPhase section */

/* Begin PBXVariantGroup section */
		21A97D492007DD1D00F7F38D /* Main.storyboard */ = {
			isa = PBXVariantGroup;
			children = (
				21A97D4A2007DD1D00F7F38D /* Base */,
			);
			name = Main.storyboard;
			sourceTree = "<group>";
		};
		21A97D4E2007DD1D00F7F38D /* LaunchScreen.storyboard */ = {
			isa = PBXVariantGroup;
			children = (
				21A97D4F2007DD1D00F7F38D /* Base */,
			);
			name = LaunchScreen.storyboard;
			sourceTree = "<group>";
		};
/* End PBXVariantGroup section */

/* Begin XCBuildConfiguration section */
		21A97D522007DD1D00F7F38D /* Debug */ = {
			isa = XCBuildConfiguration;
			buildSettings = {
				ALWAYS_SEARCH_USER_PATHS = NO;
				CLANG_ANALYZER_NONNULL = YES;
				CLANG_ANALYZER_NUMBER_OBJECT_CONVERSION = YES_AGGRESSIVE;
				CLANG_CXX_LANGUAGE_STANDARD = "gnu++14";
				CLANG_CXX_LIBRARY = "libc++";
				CLANG_ENABLE_MODULES = YES;
				CLANG_ENABLE_OBJC_ARC = YES;
				CLANG_WARN_BLOCK_CAPTURE_AUTORELEASING = YES;
				CLANG_WARN_BOOL_CONVERSION = YES;
				CLANG_WARN_COMMA = YES;
				CLANG_WARN_CONSTANT_CONVERSION = YES;
				CLANG_WARN_DIRECT_OBJC_ISA_USAGE = YES_ERROR;
				CLANG_WARN_DOCUMENTATION_COMMENTS = YES;
				CLANG_WARN_EMPTY_BODY = YES;
				CLANG_WARN_ENUM_CONVERSION = YES;
				CLANG_WARN_INFINITE_RECURSION = YES;
				CLANG_WARN_INT_CONVERSION = YES;
				CLANG_WARN_NON_LITERAL_NULL_CONVERSION = YES;
				CLANG_WARN_OBJC_LITERAL_CONVERSION = YES;
				CLANG_WARN_OBJC_ROOT_CLASS = YES_ERROR;
				CLANG_WARN_RANGE_LOOP_ANALYSIS = YES;
				CLANG_WARN_STRICT_PROTOTYPES = YES;
				CLANG_WARN_SUSPICIOUS_MOVE = YES;
				CLANG_WARN_UNGUARDED_AVAILABILITY = YES_AGGRESSIVE;
				CLANG_WARN_UNREACHABLE_CODE = YES;
				CLANG_WARN__DUPLICATE_METHOD_MATCH = YES;
				CODE_SIGN_IDENTITY = "iPhone Developer";
				COPY_PHASE_STRIP = NO;
				DEBUG_INFORMATION_FORMAT = dwarf;
				ENABLE_STRICT_OBJC_MSGSEND = YES;
				ENABLE_TESTABILITY = YES;
				GCC_C_LANGUAGE_STANDARD = gnu11;
				GCC_DYNAMIC_NO_PIC = NO;
				GCC_NO_COMMON_BLOCKS = YES;
				GCC_OPTIMIZATION_LEVEL = 0;
				GCC_PREPROCESSOR_DEFINITIONS = (
					"DEBUG=1",
					"$(inherited)",
				);
				GCC_WARN_64_TO_32_BIT_CONVERSION = YES;
				GCC_WARN_ABOUT_RETURN_TYPE = YES_ERROR;
				GCC_WARN_UNDECLARED_SELECTOR = YES;
				GCC_WARN_UNINITIALIZED_AUTOS = YES_AGGRESSIVE;
				GCC_WARN_UNUSED_FUNCTION = YES;
				GCC_WARN_UNUSED_VARIABLE = YES;
				IPHONEOS_DEPLOYMENT_TARGET = 11.2;
				MTL_ENABLE_DEBUG_INFO = YES;
				ONLY_ACTIVE_ARCH = YES;
				SDKROOT = iphoneos;
				SWIFT_ACTIVE_COMPILATION_CONDITIONS = DEBUG;
				SWIFT_OPTIMIZATION_LEVEL = "-Onone";
			};
			name = Debug;
		};
		21A97D532007DD1D00F7F38D /* Release */ = {
			isa = XCBuildConfiguration;
			buildSettings = {
				ALWAYS_SEARCH_USER_PATHS = NO;
				CLANG_ANALYZER_NONNULL = YES;
				CLANG_ANALYZER_NUMBER_OBJECT_CONVERSION = YES_AGGRESSIVE;
				CLANG_CXX_LANGUAGE_STANDARD = "gnu++14";
				CLANG_CXX_LIBRARY = "libc++";
				CLANG_ENABLE_MODULES = YES;
				CLANG_ENABLE_OBJC_ARC = YES;
				CLANG_WARN_BLOCK_CAPTURE_AUTORELEASING = YES;
				CLANG_WARN_BOOL_CONVERSION = YES;
				CLANG_WARN_COMMA = YES;
				CLANG_WARN_CONSTANT_CONVERSION = YES;
				CLANG_WARN_DIRECT_OBJC_ISA_USAGE = YES_ERROR;
				CLANG_WARN_DOCUMENTATION_COMMENTS = YES;
				CLANG_WARN_EMPTY_BODY = YES;
				CLANG_WARN_ENUM_CONVERSION = YES;
				CLANG_WARN_INFINITE_RECURSION = YES;
				CLANG_WARN_INT_CONVERSION = YES;
				CLANG_WARN_NON_LITERAL_NULL_CONVERSION = YES;
				CLANG_WARN_OBJC_LITERAL_CONVERSION = YES;
				CLANG_WARN_OBJC_ROOT_CLASS = YES_ERROR;
				CLANG_WARN_RANGE_LOOP_ANALYSIS = YES;
				CLANG_WARN_STRICT_PROTOTYPES = YES;
				CLANG_WARN_SUSPICIOUS_MOVE = YES;
				CLANG_WARN_UNGUARDED_AVAILABILITY = YES_AGGRESSIVE;
				CLANG_WARN_UNREACHABLE_CODE = YES;
				CLANG_WARN__DUPLICATE_METHOD_MATCH = YES;
				CODE_SIGN_IDENTITY = "iPhone Developer";
				COPY_PHASE_STRIP = NO;
				DEBUG_INFORMATION_FORMAT = "dwarf-with-dsym";
				ENABLE_NS_ASSERTIONS = NO;
				ENABLE_STRICT_OBJC_MSGSEND = YES;
				GCC_C_LANGUAGE_STANDARD = gnu11;
				GCC_NO_COMMON_BLOCKS = YES;
				GCC_WARN_64_TO_32_BIT_CONVERSION = YES;
				GCC_WARN_ABOUT_RETURN_TYPE = YES_ERROR;
				GCC_WARN_UNDECLARED_SELECTOR = YES;
				GCC_WARN_UNINITIALIZED_AUTOS = YES_AGGRESSIVE;
				GCC_WARN_UNUSED_FUNCTION = YES;
				GCC_WARN_UNUSED_VARIABLE = YES;
				IPHONEOS_DEPLOYMENT_TARGET = 11.2;
				MTL_ENABLE_DEBUG_INFO = NO;
				SDKROOT = iphoneos;
				SWIFT_OPTIMIZATION_LEVEL = "-Owholemodule";
				VALIDATE_PRODUCT = YES;
			};
			name = Release;
		};
		21A97D552007DD1D00F7F38D /* Debug */ = {
			isa = XCBuildConfiguration;
			buildSettings = {
				ASSETCATALOG_COMPILER_APPICON_NAME = AppIcon;
				CODE_SIGN_STYLE = Automatic;
				INFOPLIST_FILE = SmartETicket/Info.plist;
				LD_RUNPATH_SEARCH_PATHS = "$(inherited) @executable_path/Frameworks";
				PRODUCT_BUNDLE_IDENTIFIER = com.helloWorld.ios.SmartETicket;
				PRODUCT_NAME = "$(TARGET_NAME)";
				SWIFT_VERSION = 4.0;
				TARGETED_DEVICE_FAMILY = "1,2";
			};
			name = Debug;
		};
		21A97D562007DD1D00F7F38D /* Release */ = {
			isa = XCBuildConfiguration;
			buildSettings = {
				ASSETCATALOG_COMPILER_APPICON_NAME = AppIcon;
				CODE_SIGN_STYLE = Automatic;
				INFOPLIST_FILE = SmartETicket/Info.plist;
				LD_RUNPATH_SEARCH_PATHS = "$(inherited) @executable_path/Frameworks";
				PRODUCT_BUNDLE_IDENTIFIER = com.helloWorld.ios.SmartETicket;
				PRODUCT_NAME = "$(TARGET_NAME)";
				SWIFT_VERSION = 4.0;
				TARGETED_DEVICE_FAMILY = "1,2";
			};
			name = Release;
		};
/* End XCBuildConfiguration section */

/* Begin XCConfigurationList section */
		21A97D3D2007DD1D00F7F38D /* Build configuration list for PBXProject "SmartETicket" */ = {
			isa = XCConfigurationList;
			buildConfigurations = (
				21A97D522007DD1D00F7F38D /* Debug */,
				21A97D532007DD1D00F7F38D /* Release */,
			);
			defaultConfigurationIsVisible = 0;
			defaultConfigurationName = Release;
		};
		21A97D542007DD1D00F7F38D /* Build configuration list for PBXNativeTarget "SmartETicket" */ = {
			isa = XCConfigurationList;
			buildConfigurations = (
				21A97D552007DD1D00F7F38D /* Debug */,
				21A97D562007DD1D00F7F38D /* Release */,
			);
			defaultConfigurationIsVisible = 0;
			defaultConfigurationName = Release;
		};
/* End XCConfigurationList section */
	};
	rootObject = 21A97D3A2007DD1D00F7F38D /* Project object */;
}
